# This file is automatically @generated by Cargo.
# It is not intended for manual editing.
version = 4

[[package]]
name = "librootware"
version = "0.1.0"
dependencies = [
 "rootware-abi",
]

[[package]]
name = "rootware"
version = "0.1.0"
dependencies = [
 "rootware-abi",
]

[[package]]
name = "rootware-abi"
version = "0.1.0"

[[package]]
name = "rootware-simulator"
version = "0.1.0"
dependencies = [
 "librootware",
]
