# This file is automatically @generated by Cargo.
# It is not intended for manual editing.
version = 4

[[package]]
name = "librootware"
version = "1.0.0"
dependencies = [
 "rootware-abi",
]

[[package]]
name = "mixed-demo"
version = "1.0.0"
dependencies = [
 "librootware",
]

[[package]]
name = "rootware-abi"
version = "1.0.0"
